<?xml version="1.0" encoding="utf-8"?>
<Project ToolsVersion="4.0" xmlns="http://schemas.microsoft.com/developer/msbuild/2003">
  <ItemGroup>
    <Filter Include="Source Files">
      <UniqueIdentifier>{4FC737F1-C7A5-4376-A066-2A32D752A2FF}</UniqueIdentifier>
      <Extensions>cpp;c;cc;cxx;c++;cppm;ixx;def;odl;idl;hpj;bat;asm;asmx</Extensions>
    </Filter>
    <Filter Include="Header Files">
      <UniqueIdentifier>{93995380-89BD-4b04-88EB-625FBE52EBFB}</UniqueIdentifier>
      <Extensions>h;hh;hpp;hxx;h++;hm;inl;inc;ipp;xsd</Extensions>
    </Filter>
    <Filter Include="Resource Files">
      <UniqueIdentifier>{67DA6AB6-F800-4c08-8B7A-83BB121AAD01}</UniqueIdentifier>
      <Extensions>rc;ico;cur;bmp;dlg;rc2;rct;bin;rgs;gif;jpg;jpeg;jpe;resx;tiff;tif;png;wav;mfcribbon-ms</Extensions>
    </Filter>
  </ItemGroup>
  <ItemGroup>
    <ClCompile Include="main.cpp">
      <Filter>Source Files</Filter>
    </ClCompile>
    <ClCompile Include="src\rendering\assets\SphereMesh.cpp">
      <Filter>Source Files</Filter>
    </ClCompile>
    <ClCompile Include="src\rendering\core\Shader.cpp">
      <Filter>Source Files</Filter>
    </ClCompile>
    <ClCompile Include="glad.c">
      <Filter>Source Files</Filter>
    </ClCompile>
    <ClCompile Include="src\physics\Particle.cpp">
      <Filter>Source Files</Filter>
    </ClCompile>
    <ClCompile Include="src\math\Vector3.cpp">
      <Filter>Source Files</Filter>
    </ClCompile>
    <ClCompile Include="src\rendering\assets\RenderableParticle.cpp">
      <Filter>Source Files</Filter>
    </ClCompile>
    <ClCompile Include="src\scenes\Scene.cpp">
      <Filter>Source Files</Filter>
    </ClCompile>
    <ClCompile Include="src\scenes\ballistics\Ballistics.cpp">
      <Filter>Source Files</Filter>
    </ClCompile>
    <ClCompile Include="src\physics\Firework.cpp">
      <Filter>Source Files</Filter>
    </ClCompile>
    <ClCompile Include="src\rendering\core\Camera.cpp">
      <Filter>Source Files</Filter>
    </ClCompile>
    <ClCompile Include="src\rendering\core\ViewUniforms.h">
      <Filter>Source Files</Filter>
    </ClCompile>
    <ClCompile Include="src\rendering\core\ViewPort.h">
      <Filter>Source Files</Filter>
    </ClCompile>
    <ClCompile Include="src\scenes\fireworks\FireWorkScene.cpp">
      <Filter>Source Files</Filter>
    </ClCompile>
    <ClCompile Include="src\math\random.cpp">
      <Filter>Source Files</Filter>
    </ClCompile>
    <ClCompile Include="src\physics\ParticleForceRegistry.cpp">
      <Filter>Source Files</Filter>
    </ClCompile>
    <ClCompile Include="src\physics\ParticleForceGenerators.cpp">
      <Filter>Source Files</Filter>
    </ClCompile>
    <ClCompile Include="includes\imgui\imgui.cpp">
      <Filter>Source Files</Filter>
    </ClCompile>
    <ClCompile Include="includes\imgui\imgui_draw.cpp">
      <Filter>Source Files</Filter>
    </ClCompile>
    <ClCompile Include="includes\imgui\imgui_tables.cpp">
      <Filter>Source Files</Filter>
    </ClCompile>
    <ClCompile Include="includes\imgui\imgui_widgets.cpp">
      <Filter>Source Files</Filter>
    </ClCompile>
    <ClCompile Include="includes\imgui\backends\imgui_impl_glfw.cpp">
      <Filter>Source Files</Filter>
    </ClCompile>
    <ClCompile Include="includes\imgui\backends\imgui_impl_opengl3.cpp">
      <Filter>Source Files</Filter>
    </ClCompile>
    <ClCompile Include="src\scenes\ropescene\RopeScene.cpp">
      <Filter>Source Files</Filter>
    </ClCompile>
    <ClCompile Include="src\rendering\core\Renderer.cpp">
      <Filter>Source Files</Filter>
    </ClCompile>
    <ClCompile Include="src\physics\ParticleContacts.cpp">
      <Filter>Source Files</Filter>
    </ClCompile>
    <ClCompile Include="src\physics\ParticleLinks.cpp">
      <Filter>Source Files</Filter>
    </ClCompile>
    <ClCompile Include="src\scenes\clothscene\ClothScene.cpp">
      <Filter>Source Files</Filter>
    </ClCompile>
    <ClCompile Include="src\physics\ClothParticle.cpp">
      <Filter>Source Files</Filter>
    </ClCompile>
    <ClCompile Include="src\physics\Constraint.cpp">
      <Filter>Source Files</Filter>
    </ClCompile>
    <ClCompile Include="src\physics\Cloth.cpp">
      <Filter>Source Files</Filter>
    </ClCompile>
    <ClCompile Include="src\physics\ParticleWorld.cpp">
      <Filter>Source Files</Filter>
    </ClCompile>
    <ClCompile Include="src\math\Matrix.cpp">
      <Filter>Source Files</Filter>
    </ClCompile>
    <ClCompile Include="src\math\Quaternion.cpp">
      <Filter>Source Files</Filter>
    </ClCompile>
  </ItemGroup>
  <ItemGroup>
    <ClInclude Include="src\rendering\core\Shader.h">
      <Filter>Header Files</Filter>
    </ClInclude>
    <ClInclude Include="includes\glad\glad.h">
      <Filter>Header Files</Filter>
    </ClInclude>
    <ClInclude Include="includes\glad\gl.h">
      <Filter>Header Files</Filter>
    </ClInclude>
    <ClInclude Include="src\physics\Particle.h">
      <Filter>Header Files</Filter>
    </ClInclude>
    <ClInclude Include="src\Precision.h">
      <Filter>Header Files</Filter>
    </ClInclude>
    <ClInclude Include="src\math\Vector3.h">
      <Filter>Header Files</Filter>
    </ClInclude>
    <ClInclude Include="src\rendering\assets\PlaneMesh.h">
      <Filter>Header Files</Filter>
    </ClInclude>
    <ClInclude Include="src\rendering\assets\RenderableParticle.h">
      <Filter>Header Files</Filter>
    </ClInclude>
    <ClInclude Include="src\rendering\assets\Sphere.h">
      <Filter>Header Files</Filter>
    </ClInclude>
    <ClInclude Include="src\rendering\assets\SphereMesh.h">
      <Filter>Header Files</Filter>
    </ClInclude>
    <ClInclude Include="src\rendering\assets\SphereParticle.h">
      <Filter>Header Files</Filter>
    </ClInclude>
    <ClInclude Include="src\scenes\Scene.h">
      <Filter>Header Files</Filter>
    </ClInclude>
    <ClInclude Include="src\scenes\ballistics\Ballistics.h">
      <Filter>Header Files</Filter>
    </ClInclude>
    <ClInclude Include="src\rendering\core\Camera.h">
      <Filter>Header Files</Filter>
    </ClInclude>
    <ClInclude Include="src\scenes\fireworks\FireWorkScene.h">
      <Filter>Header Files</Filter>
    </ClInclude>
    <ClInclude Include="src\math\random.h">
      <Filter>Header Files</Filter>
    </ClInclude>
    <ClInclude Include="src\physics\Firework.h">
      <Filter>Header Files</Filter>
    </ClInclude>
    <ClInclude Include="src\physics\ParticleForceRegistry.h">
      <Filter>Header Files</Filter>
    </ClInclude>
    <ClInclude Include="src\physics\ParticleForceGenerators.h">
      <Filter>Header Files</Filter>
    </ClInclude>
    <ClInclude Include="src\scenes\ropescene\RopeScene.h">
      <Filter>Header Files</Filter>
    </ClInclude>
    <ClInclude Include="src\rendering\core\Renderer.h">
      <Filter>Header Files</Filter>
    </ClInclude>
    <ClInclude Include="src\physics\ParticleContacts.h">
      <Filter>Header Files</Filter>
    </ClInclude>
    <ClInclude Include="src\physics\ParticleLinks.h">
      <Filter>Header Files</Filter>
    </ClInclude>
    <ClInclude Include="src\scenes\clothscene\ClothScene.h">
      <Filter>Header Files</Filter>
    </ClInclude>
    <ClInclude Include="src\physics\Constraint.h">
      <Filter>Header Files</Filter>
    </ClInclude>
    <ClInclude Include="src\physics\ClothParticle.h">
      <Filter>Header Files</Filter>
    </ClInclude>
    <ClInclude Include="src\physics\Cloth.h">
      <Filter>Header Files</Filter>
    </ClInclude>
    <ClInclude Include="src\physics\ParticleWorld.h">
      <Filter>Header Files</Filter>
    </ClInclude>
    <ClInclude Include="src\math\Matrix.h">
      <Filter>Header Files</Filter>
    </ClInclude>
    <ClInclude Include="src\math\Quaternion.h">
      <Filter>Header Files</Filter>
    </ClInclude>
  </ItemGroup>
  <ItemGroup>
    <None Include="scenes\*\shaders\*.*" />
    <None Include="scenes\*\shaders\*.*" />
    <None Include="scenes\*\shaders\*.*" />
    <None Include="src\scenes\**\shaders\*.*" />
    <None Include="src\scenes\**\shaders\*.*" />
    <None Include="src\scenes\**\shaders\*.*" />
    <None Include="src\scenes\**\shaders\*.*" />
    <None Include="src\scenes\**\shaders\*.*">
      <Filter>Resource Files</Filter>
    </None>
    <None Include="src\scenes\**\shaders\*.*" />
    <None Include="src\scenes\**\shaders\*.*" />
    <None Include="src\scenes\**\shaders\*.*" />
    <None Include="src\scenes\**\shaders\*.*">
      <Filter>Resource Files</Filter>
    </None>
    <None Include="src\scenes\**\shaders\*.*" />
    <None Include="src\scenes\**\shaders\*.*" />
    <None Include="src\scenes\**\shaders\*.*" />
    <None Include="src\scenes\**\shaders\*.*">
      <Filter>Resource Files</Filter>
    </None>
    <None Include="src\scenes\**\shaders\*.*" />
    <None Include="src\scenes\**\shaders\*.*" />
    <None Include="src\scenes\**\shaders\*.*" />
    <None Include="src\scenes\**\shaders\*.*">
      <Filter>Resource Files</Filter>
    </None>
    <None Include="src\scenes\**\shaders\*.*" />
    <None Include="src\scenes\**\shaders\*.*" />
    <None Include="src\scenes\**\shaders\*.*" />
    <None Include="src\scenes\**\shaders\*.*">
      <Filter>Resource Files</Filter>
    </None>
    <None Include="src\scenes\**\shaders\*.*" />
    <None Include="src\scenes\**\shaders\*.*" />
    <None Include="src\scenes\**\shaders\*.*" />
    <None Include="src\scenes\**\shaders\*.*">
      <Filter>Resource Files</Filter>
    </None>
    <None Include="src\scenes\**\shaders\*.*" />
    <None Include="src\scenes\**\shaders\*.*" />
    <None Include="src\scenes\**\shaders\*.*" />
    <None Include="src\scenes\**\shaders\*.*">
      <Filter>Resource Files</Filter>
    </None>
    <None Include="src\scenes\**\shaders\*.*" />
    <None Include="src\scenes\**\shaders\*.*" />
    <None Include="src\scenes\**\shaders\*.*" />
    <None Include="src\scenes\**\shaders\*.*" />
    <None Include="src\scenes\**\shaders\*.*" />
    <None Include="src\scenes\**\shaders\*.*">
      <Filter>Resource Files</Filter>
    </None>
    <None Include="src\scenes\**\shaders\*.*" />
    <None Include="src\scenes\**\shaders\*.*" />
    <None Include="src\scenes\**\shaders\*.*" />
    <None Include="src\scenes\**\shaders\*.*" />
    <None Include="src\scenes\**\shaders\*.*" />
    <None Include="src\scenes\**\shaders\*.*">
      <Filter>Resource Files</Filter>
    </None>
    <None Include="src\scenes\**\shaders\*.*" />
    <None Include="src\scenes\**\shaders\*.*" />
    <None Include="src\scenes\**\shaders\*.*" />
    <None Include="src\scenes\**\shaders\*.*" />
    <None Include="src\scenes\**\shaders\*.*" />
    <None Include="src\scenes\**\shaders\*.*">
      <Filter>Resource Files</Filter>
    </None>
    <None Include="src\scenes\**\shaders\*.*" />
    <None Include="src\scenes\**\shaders\*.*" />
    <None Include="src\scenes\**\shaders\*.*" />
    <None Include="src\scenes\**\shaders\*.*" />
    <None Include="src\scenes\**\shaders\*.*" />
    <None Include="src\scenes\**\shaders\*.*">
      <Filter>Resource Files</Filter>
    </None>
    <None Include="src\scenes\**\shaders\*.*" />
    <None Include="src\scenes\**\shaders\*.*" />
    <None Include="src\scenes\**\shaders\*.*" />
    <None Include="src\scenes\**\shaders\*.*" />
    <None Include="src\scenes\**\shaders\*.*" />
    <None Include="src\scenes\**\shaders\*.*" />
    <None Include="src\scenes\**\shaders\*.*" />
    <None Include="src\scenes\**\shaders\*.*">
      <Filter>Resource Files</Filter>
    </None>
    <None Include="src\scenes\**\shaders\*.*" />
    <None Include="src\scenes\**\shaders\*.*" />
    <None Include="src\scenes\**\shaders\*.*" />
    <None Include="src\scenes\**\shaders\*.*" />
    <None Include="src\scenes\**\shaders\*.*" />
    <None Include="src\scenes\**\shaders\*.*" />
    <None Include="src\scenes\**\shaders\*.*" />
    <None Include="src\scenes\**\shaders\*.*">
      <Filter>Resource Files</Filter>
    </None>
    <None Include="src\scenes\**\shaders\*.*" />
    <None Include="src\scenes\**\shaders\*.*" />
    <None Include="src\scenes\**\shaders\*.*" />
    <None Include="src\scenes\**\shaders\*.*" />
    <None Include="src\scenes\**\shaders\*.*" />
    <None Include="src\scenes\**\shaders\*.*" />
    <None Include="src\scenes\**\shaders\*.*" />
    <None Include="src\scenes\**\shaders\*.*">
      <Filter>Resource Files</Filter>
    </None>
    <None Include="src\scenes\**\shaders\*.*" />
    <None Include="src\scenes\**\shaders\*.*" />
    <None Include="src\scenes\**\shaders\*.*" />
    <None Include="src\scenes\**\shaders\*.*" />
    <None Include="src\scenes\**\shaders\*.*" />
    <None Include="src\scenes\**\shaders\*.*" />
    <None Include="src\scenes\**\shaders\*.*" />
    <None Include="src\scenes\**\shaders\*.*">
      <Filter>Resource Files</Filter>
    </None>
    <None Include="src\scenes\**\shaders\*.*" />
    <None Include="src\scenes\**\shaders\*.*" />
    <None Include="src\scenes\**\shaders\*.*" />
    <None Include="src\scenes\**\shaders\*.*" />
    <None Include="src\scenes\**\shaders\*.*" />
    <None Include="src\scenes\**\shaders\*.*" />
    <None Include="src\scenes\**\shaders\*.*" />
    <None Include="src\scenes\**\shaders\*.*" />
    <None Include="src\scenes\**\shaders\*.*" />
    <None Include="src\scenes\**\shaders\*.*">
      <Filter>Resource Files</Filter>
    </None>
    <None Include="src\scenes\**\shaders\*.*" />
    <None Include="src\scenes\**\shaders\*.*" />
    <None Include="src\scenes\**\shaders\*.*" />
    <None Include="src\scenes\**\shaders\*.*" />
    <None Include="src\scenes\**\shaders\*.*" />
    <None Include="src\scenes\**\shaders\*.*" />
    <None Include="src\scenes\**\shaders\*.*" />
    <None Include="src\scenes\**\shaders\*.*" />
    <None Include="src\scenes\**\shaders\*.*" />
    <None Include="src\scenes\**\shaders\*.*">
      <Filter>Resource Files</Filter>
    </None>
    <None Include="src\scenes\**\shaders\*.*" />
    <None Include="src\scenes\**\shaders\*.*" />
    <None Include="src\scenes\**\shaders\*.*" />
    <None Include="src\scenes\**\shaders\*.*" />
  </ItemGroup>
  <ItemGroup>
    <Image Include="..\..\..\Downloads\metal.png">
      <Filter>Resource Files</Filter>
    </Image>
  </ItemGroup>
</Project>