<?xml version="1.0" encoding="utf-8"?>
<Project ToolsVersion="4.0" xmlns="http://schemas.microsoft.com/developer/msbuild/2003">
  <ItemGroup>
    <Filter Include="Source Files">
      <UniqueIdentifier>{4FC737F1-C7A5-4376-A066-2A32D752A2FF}</UniqueIdentifier>
      <Extensions>cpp;c;cc;cxx;c++;cppm;ixx;def;odl;idl;hpj;bat;asm;asmx</Extensions>
    </Filter>
    <Filter Include="Header Files">
      <UniqueIdentifier>{93995380-89BD-4b04-88EB-625FBE52EBFB}</UniqueIdentifier>
      <Extensions>h;hh;hpp;hxx;h++;hm;inl;inc;ipp;xsd</Extensions>
    </Filter>
    <Filter Include="Resource Files">
      <UniqueIdentifier>{67DA6AB6-F800-4c08-8B7A-83BB121AAD01}</UniqueIdentifier>
      <Extensions>rc;ico;cur;bmp;dlg;rc2;rct;bin;rgs;gif;jpg;jpeg;jpe;resx;tiff;tif;png;wav;mfcribbon-ms</Extensions>
    </Filter>
  </ItemGroup>
  <ItemGroup>
    <ClCompile Include="main.cpp">
      <Filter>Source Files</Filter>
    </ClCompile>
    <ClCompile Include="src\rendering\assets\SphereMesh.cpp">
      <Filter>Source Files</Filter>
    </ClCompile>
    <ClCompile Include="src\rendering\core\Shader.cpp">
      <Filter>Source Files</Filter>
    </ClCompile>
    <ClCompile Include="src\physics\Particle_System\Particle.cpp">
      <Filter>Source Files</Filter>
    </ClCompile>
    <ClCompile Include="src\math\Vector3.cpp">
      <Filter>Source Files</Filter>
    </ClCompile>
    <ClCompile Include="src\rendering\assets\RenderableParticle.cpp">
      <Filter>Source Files</Filter>
    </ClCompile>
    <ClCompile Include="src\scenes\Scene.cpp">
      <Filter>Source Files</Filter>
    </ClCompile>
    <ClCompile Include="src\scenes\ballistics\Ballistics.cpp">
      <Filter>Source Files</Filter>
    </ClCompile>
    <ClCompile Include="src\physics\Objects\Firework.cpp">
      <Filter>Source Files</Filter>
    </ClCompile>
    <ClCompile Include="src\rendering\core\Camera.cpp">
      <Filter>Source Files</Filter>
    </ClCompile>
    <ClCompile Include="src\rendering\core\ViewUniforms.h">
      <Filter>Source Files</Filter>
    </ClCompile>
    <ClCompile Include="src\rendering\core\ViewPort.h">
      <Filter>Source Files</Filter>
    </ClCompile>
    <ClCompile Include="src\scenes\fireworks\FireWorkScene.cpp">
      <Filter>Source Files</Filter>
    </ClCompile>
    <ClCompile Include="src\math\random.cpp">
      <Filter>Source Files</Filter>
    </ClCompile>
    <ClCompile Include="src\physics\Particle_System\ParticleForceRegistry.cpp">
      <Filter>Source Files</Filter>
    </ClCompile>
    <ClCompile Include="src\physics\Particle_System\ParticleForceGenerators.cpp">
      <Filter>Source Files</Filter>
    </ClCompile>
    <ClCompile Include="includes\imgui\imgui.cpp">
      <Filter>Source Files</Filter>
    </ClCompile>
    <ClCompile Include="includes\imgui\imgui_draw.cpp">
      <Filter>Source Files</Filter>
    </ClCompile>
    <ClCompile Include="includes\imgui\imgui_tables.cpp">
      <Filter>Source Files</Filter>
    </ClCompile>
    <ClCompile Include="includes\imgui\imgui_widgets.cpp">
      <Filter>Source Files</Filter>
    </ClCompile>
    <ClCompile Include="includes\imgui\backends\imgui_impl_glfw.cpp">
      <Filter>Source Files</Filter>
    </ClCompile>
    <ClCompile Include="includes\imgui\backends\imgui_impl_opengl3.cpp">
      <Filter>Source Files</Filter>
    </ClCompile>
    <ClCompile Include="src\scenes\ropescene\RopeScene.cpp">
      <Filter>Source Files</Filter>
    </ClCompile>
    <ClCompile Include="src\rendering\core\Renderer.cpp">
      <Filter>Source Files</Filter>
    </ClCompile>
    <ClCompile Include="src\physics\Particle_System\ParticleContacts.cpp">
      <Filter>Source Files</Filter>
    </ClCompile>
    <ClCompile Include="src\physics\Particle_System\ParticleLinks.cpp">
      <Filter>Source Files</Filter>
    </ClCompile>
    <ClCompile Include="src\scenes\clothscene\ClothScene.cpp">
      <Filter>Source Files</Filter>
    </ClCompile>
    <ClCompile Include="src\physics\Particle_System\ClothParticle.cpp">
      <Filter>Source Files</Filter>
    </ClCompile>
    <ClCompile Include="src\physics\Particle_System\Constraint.cpp">
      <Filter>Source Files</Filter>
    </ClCompile>
    <ClCompile Include="src\physics\Objects\Cloth.cpp">
      <Filter>Source Files</Filter>
    </ClCompile>
    <ClCompile Include="src\physics\Particle_System\ParticleWorld.cpp">
      <Filter>Source Files</Filter>
    </ClCompile>
    <ClCompile Include="src\math\Matrix.cpp">
      <Filter>Source Files</Filter>
    </ClCompile>
    <ClCompile Include="src\math\Quaternion.cpp">
      <Filter>Source Files</Filter>
    </ClCompile>
    <ClCompile Include="src\physics\RigidBody_System\RigidBody.cpp">
      <Filter>Source Files</Filter>
    </ClCompile>
    <ClCompile Include="src\physics\RigidBody_System\ForceGenerators.cpp">
      <Filter>Source Files</Filter>
    </ClCompile>
    <ClCompile Include="src\scenes\mobile\MobileScene.cpp">
      <Filter>Source Files</Filter>
    </ClCompile>
    <ClCompile Include="src\physics\RigidBody_System\ForceRegistry.cpp">
      <Filter>Source Files</Filter>
    </ClCompile>
    <ClCompile Include="src\rendering\assets\LineMesh.cpp">
      <Filter>Source Files</Filter>
    </ClCompile>
    <ClCompile Include="src\rendering\assets\Mesh.cpp">
      <Filter>Source Files</Filter>
    </ClCompile>
    <ClCompile Include="src\rendering\assets\CubeMesh.cpp">
      <Filter>Source Files</Filter>
    </ClCompile>
    <ClCompile Include="src\physics\RigidBody_System\BoundingSphere.cpp">
      <Filter>Source Files</Filter>
    </ClCompile>
    <ClCompile Include="src\physics\RigidBody_System\CollisionPrimitives.h">
      <Filter>Source Files</Filter>
    </ClCompile>
    <ClCompile Include="src\physics\RigidBody_System\CollisionDetector.cpp">
      <Filter>Source Files</Filter>
    </ClCompile>
    <ClCompile Include="src\rendering\core\Raycaster.cpp">
      <Filter>Source Files</Filter>
    </ClCompile>
    <ClCompile Include="src\physics\RigidBody_System\IntersectionTests.cpp">
      <Filter>Source Files</Filter>
    </ClCompile>
    <ClCompile Include="src\physics\RigidBody_System\Contact.cpp">
      <Filter>Source Files</Filter>
    </ClCompile>
    <ClCompile Include="src\physics\RigidBody_System\ContactResolver.cpp">
      <Filter>Source Files</Filter>
    </ClCompile>
    <ClCompile Include="src\scenes\BoxBox\BoxBoxScene.cpp">
      <Filter>Source Files</Filter>
    </ClCompile>
    <ClCompile Include="src\scenes\Fluid\Fluid.cpp">
      <Filter>Source Files</Filter>
    </ClCompile>
    <ClCompile Include="..\..\..\Downloads\glad (2)\src\glad.c">
      <Filter>Source Files</Filter>
    </ClCompile>
  </ItemGroup>
  <ItemGroup>
    <ClInclude Include="src\rendering\core\Shader.h">
      <Filter>Header Files</Filter>
    </ClInclude>
    <ClInclude Include="includes\glad\glad.h">
      <Filter>Header Files</Filter>
    </ClInclude>
    <ClInclude Include="includes\glad\gl.h">
      <Filter>Header Files</Filter>
    </ClInclude>
    <ClInclude Include="src\physics\Particle_System\Particle.h">
      <Filter>Header Files</Filter>
    </ClInclude>
    <ClInclude Include="src\Precision.h">
      <Filter>Header Files</Filter>
    </ClInclude>
    <ClInclude Include="src\math\Vector3.h">
      <Filter>Header Files</Filter>
    </ClInclude>
    <ClInclude Include="src\rendering\assets\PlaneMesh.h">
      <Filter>Header Files</Filter>
    </ClInclude>
    <ClInclude Include="src\rendering\assets\RenderableParticle.h">
      <Filter>Header Files</Filter>
    </ClInclude>
    <ClInclude Include="src\rendering\assets\Sphere.h">
      <Filter>Header Files</Filter>
    </ClInclude>
    <ClInclude Include="src\rendering\assets\SphereParticle.h">
      <Filter>Header Files</Filter>
    </ClInclude>
    <ClInclude Include="src\scenes\Scene.h">
      <Filter>Header Files</Filter>
    </ClInclude>
    <ClInclude Include="src\scenes\ballistics\Ballistics.h">
      <Filter>Header Files</Filter>
    </ClInclude>
    <ClInclude Include="src\rendering\core\Camera.h">
      <Filter>Header Files</Filter>
    </ClInclude>
    <ClInclude Include="src\scenes\fireworks\FireWorkScene.h">
      <Filter>Header Files</Filter>
    </ClInclude>
    <ClInclude Include="src\math\random.h">
      <Filter>Header Files</Filter>
    </ClInclude>
    <ClInclude Include="src\physics\Objects\Firework.h">
      <Filter>Header Files</Filter>
    </ClInclude>
    <ClInclude Include="src\physics\Particle_System\ParticleForceRegistry.h">
      <Filter>Header Files</Filter>
    </ClInclude>
    <ClInclude Include="src\physics\Particle_System\ParticleForceGenerators.h">
      <Filter>Header Files</Filter>
    </ClInclude>
    <ClInclude Include="src\scenes\ropescene\RopeScene.h">
      <Filter>Header Files</Filter>
    </ClInclude>
    <ClInclude Include="src\rendering\core\Renderer.h">
      <Filter>Header Files</Filter>
    </ClInclude>
    <ClInclude Include="src\physics\Particle_System\ParticleContacts.h">
      <Filter>Header Files</Filter>
    </ClInclude>
    <ClInclude Include="src\physics\Particle_System\ParticleLinks.h">
      <Filter>Header Files</Filter>
    </ClInclude>
    <ClInclude Include="src\scenes\clothscene\ClothScene.h">
      <Filter>Header Files</Filter>
    </ClInclude>
    <ClInclude Include="src\physics\Particle_System\Constraint.h">
      <Filter>Header Files</Filter>
    </ClInclude>
    <ClInclude Include="src\physics\Particle_System\ClothParticle.h">
      <Filter>Header Files</Filter>
    </ClInclude>
    <ClInclude Include="src\physics\Objects\Cloth.h">
      <Filter>Header Files</Filter>
    </ClInclude>
    <ClInclude Include="src\physics\Particle_System\ParticleWorld.h">
      <Filter>Header Files</Filter>
    </ClInclude>
    <ClInclude Include="src\math\Matrix.h">
      <Filter>Header Files</Filter>
    </ClInclude>
    <ClInclude Include="src\math\Quaternion.h">
      <Filter>Header Files</Filter>
    </ClInclude>
    <ClInclude Include="src\physics\RigidBody_System\RigidBody.h">
      <Filter>Header Files</Filter>
    </ClInclude>
    <ClInclude Include="src\physics\RigidBody_System\ForceGenerators.h">
      <Filter>Header Files</Filter>
    </ClInclude>
    <ClInclude Include="src\scenes\mobile\MobileScene.h">
      <Filter>Header Files</Filter>
    </ClInclude>
    <ClInclude Include="src\physics\RigidBody_System\ForceRegistry.h">
      <Filter>Header Files</Filter>
    </ClInclude>
    <ClInclude Include="src\rendering\assets\RenderableRigidBody.h">
      <Filter>Header Files</Filter>
    </ClInclude>
    <ClInclude Include="src\rendering\assets\LineMesh.h">
      <Filter>Header Files</Filter>
    </ClInclude>
    <ClInclude Include="src\rendering\assets\Mesh.h">
      <Filter>Header Files</Filter>
    </ClInclude>
    <ClInclude Include="src\physics\RigidBody_System\Collide_hoarse.h">
      <Filter>Header Files</Filter>
    </ClInclude>
    <ClInclude Include="src\physics\RigidBody_System\BoundingVolumes.h">
      <Filter>Header Files</Filter>
    </ClInclude>
    <ClInclude Include="src\physics\RigidBody_System\Contact.h">
      <Filter>Header Files</Filter>
    </ClInclude>
    <ClInclude Include="src\physics\RigidBody_System\CollisionDetector.h">
      <Filter>Header Files</Filter>
    </ClInclude>
    <ClInclude Include="src\rendering\core\Raycaster.h">
      <Filter>Header Files</Filter>
    </ClInclude>
    <ClInclude Include="src\physics\RigidBody_System\IntersectionTests.h">
      <Filter>Header Files</Filter>
    </ClInclude>
    <ClInclude Include="src\physics\RigidBody_System\ContactResolver.h">
      <Filter>Header Files</Filter>
    </ClInclude>
    <ClInclude Include="src\scenes\BoxBox\BoxBoxScene.h">
      <Filter>Header Files</Filter>
    </ClInclude>
    <ClInclude Include="src\scenes\Fluid\Fluid.h">
      <Filter>Header Files</Filter>
    </ClInclude>
    <ClInclude Include="src\Settings.h">
      <Filter>Header Files</Filter>
    </ClInclude>
  </ItemGroup>
  <ItemGroup>
    <None Include="scenes\*\shaders\*.*" />
    <None Include="scenes\*\shaders\*.*" />
    <None Include="scenes\*\shaders\*.*" />
    <None Include="src\scenes\ropescene\shaders\rope.frag" />
    <None Include="src\scenes\ropescene\shaders\rope.frag" />
    <None Include="src\scenes\ropescene\shaders\rope.frag" />
    <None Include="src\scenes\ropescene\shaders\rope.frag" />
    <None Include="src\scenes\ropescene\shaders\rope.frag">
      <Filter>Resource Files</Filter>
    </None>
    <None Include="src\scenes\ropescene\shaders\rope.frag" />
    <None Include="src\scenes\ropescene\shaders\rope.frag" />
    <None Include="src\scenes\ropescene\shaders\rope.frag" />
    <None Include="src\scenes\ropescene\shaders\rope.frag">
      <Filter>Resource Files</Filter>
    </None>
    <None Include="src\scenes\ballistics\shaders\shader.vert" />
    <None Include="src\scenes\BoxBox\shaders\box.frag" />
    <None Include="src\scenes\BoxBox\shaders\box.vert" />
    <None Include="src\scenes\clothscene\shaders\cloth.frag" />
    <None Include="src\scenes\clothscene\shaders\cloth.vert" />
    <None Include="src\scenes\commons\shaders\grid.frag" />
    <None Include="src\scenes\commons\shaders\grid.vert" />
    <None Include="src\scenes\commons\shaders\line.frag" />
    <None Include="src\scenes\commons\shaders\line.vert" />
    <None Include="src\scenes\commons\shaders\metal.png" />
    <None Include="src\scenes\fireworks\shaders\fireworks.frag" />
    <None Include="src\scenes\fireworks\shaders\fireworks.vert" />
    <None Include="src\scenes\Fluid\shaders\fluid.comp" />
    <None Include="src\scenes\Fluid\shaders\fluid.frag" />
    <None Include="src\scenes\Fluid\shaders\fluid.vert" />
    <None Include="src\scenes\mobile\shaders\mobile.frag" />
    <None Include="src\scenes\mobile\shaders\mobile.vert" />
    <None Include="src\scenes\ropescene\shaders\rope.frag" />
    <None Include="src\scenes\ropescene\shaders\rope.vert" />
    <None Include="src\scenes\**\shaders\*.*" />
    <None Include="src\scenes\**\shaders\*.*" />
    <None Include="src\scenes\**\shaders\*.*">
      <Filter>Resource Files</Filter>
    </None>
    <None Include="src\scenes\**\shaders\*.*" />
    <None Include="src\scenes\**\shaders\*.*" />
    <None Include="src\scenes\**\shaders\*.*" />
    <None Include="src\scenes\**\shaders\*.*">
      <Filter>Resource Files</Filter>
    </None>
    <None Include="src\scenes\**\shaders\*.*" />
    <None Include="src\scenes\**\shaders\*.*" />
    <None Include="src\scenes\**\shaders\*.*" />
    <None Include="src\scenes\**\shaders\*.*">
      <Filter>Resource Files</Filter>
    </None>
    <None Include="src\scenes\**\shaders\*.*" />
    <None Include="src\scenes\**\shaders\*.*" />
    <None Include="src\scenes\**\shaders\*.*" />
    <None Include="src\scenes\**\shaders\*.*">
      <Filter>Resource Files</Filter>
    </None>
    <None Include="src\scenes\**\shaders\*.*" />
    <None Include="src\scenes\**\shaders\*.*" />
    <None Include="src\scenes\**\shaders\*.*" />
    <None Include="src\scenes\**\shaders\*.*">
      <Filter>Resource Files</Filter>
    </None>
    <None Include="src\scenes\**\shaders\*.*" />
    <None Include="src\scenes\**\shaders\*.*" />
    <None Include="src\scenes\**\shaders\*.*" />
    <None Include="src\scenes\**\shaders\*.*" />
    <None Include="src\scenes\**\shaders\*.*" />
    <None Include="src\scenes\**\shaders\*.*">
      <Filter>Resource Files</Filter>
    </None>
    <None Include="src\scenes\**\shaders\*.*" />
    <None Include="src\scenes\**\shaders\*.*" />
    <None Include="src\scenes\**\shaders\*.*" />
    <None Include="src\scenes\**\shaders\*.*" />
    <None Include="src\scenes\**\shaders\*.*" />
    <None Include="src\scenes\**\shaders\*.*">
      <Filter>Resource Files</Filter>
    </None>
    <None Include="src\scenes\**\shaders\*.*" />
    <None Include="src\scenes\**\shaders\*.*" />
    <None Include="src\scenes\**\shaders\*.*" />
    <None Include="src\scenes\**\shaders\*.*" />
    <None Include="src\scenes\**\shaders\*.*" />
    <None Include="src\scenes\**\shaders\*.*">
      <Filter>Resource Files</Filter>
    </None>
    <None Include="src\scenes\**\shaders\*.*" />
    <None Include="src\scenes\**\shaders\*.*" />
    <None Include="src\scenes\**\shaders\*.*" />
    <None Include="src\scenes\**\shaders\*.*" />
    <None Include="src\scenes\**\shaders\*.*" />
    <None Include="src\scenes\**\shaders\*.*">
      <Filter>Resource Files</Filter>
    </None>
    <None Include="src\scenes\**\shaders\*.*" />
    <None Include="src\scenes\**\shaders\*.*" />
    <None Include="src\scenes\**\shaders\*.*" />
    <None Include="src\scenes\**\shaders\*.*" />
    <None Include="src\scenes\**\shaders\*.*" />
    <None Include="src\scenes\**\shaders\*.*" />
    <None Include="src\scenes\**\shaders\*.*" />
    <None Include="src\scenes\**\shaders\*.*">
      <Filter>Resource Files</Filter>
    </None>
    <None Include="src\scenes\**\shaders\*.*" />
    <None Include="src\scenes\**\shaders\*.*" />
    <None Include="src\scenes\**\shaders\*.*" />
    <None Include="src\scenes\**\shaders\*.*" />
    <None Include="src\scenes\**\shaders\*.*" />
    <None Include="src\scenes\**\shaders\*.*" />
    <None Include="src\scenes\**\shaders\*.*" />
    <None Include="src\scenes\**\shaders\*.*">
      <Filter>Resource Files</Filter>
    </None>
    <None Include="src\scenes\**\shaders\*.*" />
    <None Include="src\scenes\**\shaders\*.*" />
    <None Include="src\scenes\**\shaders\*.*" />
    <None Include="src\scenes\**\shaders\*.*" />
    <None Include="src\scenes\**\shaders\*.*" />
    <None Include="src\scenes\**\shaders\*.*" />
    <None Include="src\scenes\**\shaders\*.*" />
    <None Include="src\scenes\**\shaders\*.*">
      <Filter>Resource Files</Filter>
    </None>
    <None Include="src\scenes\**\shaders\*.*" />
    <None Include="src\scenes\**\shaders\*.*" />
    <None Include="src\scenes\**\shaders\*.*" />
    <None Include="src\scenes\**\shaders\*.*" />
    <None Include="src\scenes\**\shaders\*.*" />
    <None Include="src\scenes\**\shaders\*.*" />
    <None Include="src\scenes\**\shaders\*.*" />
    <None Include="src\scenes\**\shaders\*.*">
      <Filter>Resource Files</Filter>
    </None>
    <None Include="src\scenes\**\shaders\*.*" />
    <None Include="src\scenes\**\shaders\*.*" />
    <None Include="src\scenes\**\shaders\*.*" />
    <None Include="src\scenes\**\shaders\*.*" />
    <None Include="src\scenes\**\shaders\*.*" />
    <None Include="src\scenes\**\shaders\*.*" />
    <None Include="src\scenes\**\shaders\*.*" />
    <None Include="src\scenes\**\shaders\*.*" />
    <None Include="src\scenes\**\shaders\*.*" />
    <None Include="src\scenes\**\shaders\*.*">
      <Filter>Resource Files</Filter>
    </None>
    <None Include="src\scenes\**\shaders\*.*" />
    <None Include="src\scenes\**\shaders\*.*" />
    <None Include="src\scenes\**\shaders\*.*" />
    <None Include="src\scenes\**\shaders\*.*" />
    <None Include="src\scenes\**\shaders\*.*" />
    <None Include="src\scenes\**\shaders\*.*" />
    <None Include="src\scenes\**\shaders\*.*" />
    <None Include="src\scenes\**\shaders\*.*" />
    <None Include="src\scenes\**\shaders\*.*" />
    <None Include="src\scenes\**\shaders\*.*">
      <Filter>Resource Files</Filter>
    </None>
    <None Include="src\scenes\**\shaders\*.*" />
    <None Include="src\scenes\**\shaders\*.*" />
    <None Include="src\scenes\**\shaders\*.*" />
    <None Include="src\scenes\**\shaders\*.*" />
    <None Include="src\scenes\**\shaders\*.*" />
    <None Include="src\scenes\**\shaders\*.*" />
    <None Include="src\scenes\**\shaders\*.*" />
    <None Include="src\scenes\**\shaders\*.*" />
    <None Include="src\scenes\**\shaders\*.*" />
    <None Include="src\scenes\**\shaders\*.*">
      <Filter>Resource Files</Filter>
    </None>
    <None Include="src\scenes\**\shaders\*.*" />
    <None Include="src\scenes\**\shaders\*.*" />
    <None Include="src\scenes\**\shaders\*.*" />
    <None Include="src\scenes\**\shaders\*.*" />
    <None Include="src\scenes\**\shaders\*.*" />
    <None Include="src\scenes\**\shaders\*.*" />
    <None Include="src\scenes\**\shaders\*.*" />
    <None Include="src\scenes\**\shaders\*.*" />
    <None Include="src\scenes\**\shaders\*.*" />
    <None Include="src\scenes\**\shaders\*.*">
      <Filter>Resource Files</Filter>
    </None>
    <None Include="src\scenes\**\shaders\*.*" />
    <None Include="src\scenes\**\shaders\*.*" />
    <None Include="src\scenes\**\shaders\*.*" />
    <None Include="src\scenes\**\shaders\*.*" />
    <None Include="src\scenes\**\shaders\*.*" />
    <None Include="src\scenes\**\shaders\*.*" />
    <None Include="src\scenes\**\shaders\*.*" />
    <None Include="src\scenes\**\shaders\*.*" />
    <None Include="src\scenes\**\shaders\*.*" />
    <None Include="src\scenes\**\shaders\*.*">
      <Filter>Resource Files</Filter>
    </None>
    <None Include="src\scenes\**\shaders\*.*" />
    <None Include="src\scenes\**\shaders\*.*" />
    <None Include="src\scenes\**\shaders\*.*" />
    <None Include="src\scenes\**\shaders\*.*" />
    <None Include="src\scenes\**\shaders\*.*" />
    <None Include="src\scenes\**\shaders\*.*" />
    <None Include="src\scenes\**\shaders\*.*" />
    <None Include="src\scenes\**\shaders\*.*" />
    <None Include="src\scenes\**\shaders\*.*" />
    <None Include="src\scenes\**\shaders\*.*">
      <Filter>Resource Files</Filter>
    </None>
    <None Include="src\scenes\**\shaders\*.*" />
    <None Include="src\scenes\**\shaders\*.*" />
    <None Include="src\scenes\**\shaders\*.*" />
    <None Include="src\scenes\**\shaders\*.*" />
    <None Include="src\scenes\**\shaders\*.*" />
    <None Include="src\scenes\**\shaders\*.*" />
    <None Include="src\scenes\ropescene\shaders\rope.frag" />
  </ItemGroup>
</Project>